// !$*UTF8*$!
{
	archiveVersion = 1;
	classes = {
	};
	objectVersion = 56;
	objects = {

/* Begin PBXBuildFile section */
		5244ED482A755EB200884B5D /* CodeTextView.swift in Sources */ = {isa = PBXBuildFile; fileRef = 5244ED472A755EB200884B5D /* CodeTextView.swift */; };
		5244ED662A77C57A00884B5D /* TestView.swift in Sources */ = {isa = PBXBuildFile; fileRef = 5244ED652A77C57A00884B5D /* TestView.swift */; };
		5244ED682A790C8100884B5D /* TestResultView.swift in Sources */ = {isa = PBXBuildFile; fileRef = 5244ED672A790C8000884B5D /* TestResultView.swift */; };
		524982782A4CE5BA001AC9D2 /* ContentViewRow.swift in Sources */ = {isa = PBXBuildFile; fileRef = 524982772A4CE5BA001AC9D2 /* ContentViewRow.swift */; };
		5249827A2A4E3342001AC9D2 /* ContentDetailView.swift in Sources */ = {isa = PBXBuildFile; fileRef = 524982792A4E3342001AC9D2 /* ContentDetailView.swift */; };
		5249827D2A4E39F8001AC9D2 /* AVKit.framework in Frameworks */ = {isa = PBXBuildFile; fileRef = 5249827C2A4E39F8001AC9D2 /* AVKit.framework */; };
		5271C8772A40F2E300E75B1E /* Learning_App.swift in Sources */ = {isa = PBXBuildFile; fileRef = 5271C8762A40F2E300E75B1E /* Learning_App.swift */; };
		5271C8792A40F2E300E75B1E /* HomeView.swift in Sources */ = {isa = PBXBuildFile; fileRef = 5271C8782A40F2E300E75B1E /* HomeView.swift */; };
		5271C87B2A40F2E400E75B1E /* Assets.xcassets in Resources */ = {isa = PBXBuildFile; fileRef = 5271C87A2A40F2E400E75B1E /* Assets.xcassets */; };
		5271C87E2A40F2E400E75B1E /* Preview Assets.xcassets in Resources */ = {isa = PBXBuildFile; fileRef = 5271C87D2A40F2E400E75B1E /* Preview Assets.xcassets */; };
		5271C88A2A40F63D00E75B1E /* ContentModel.swift in Sources */ = {isa = PBXBuildFile; fileRef = 5271C8892A40F63D00E75B1E /* ContentModel.swift */; };
		5271C88D2A40FD1900E75B1E /* style.html in Resources */ = {isa = PBXBuildFile; fileRef = 5271C88B2A40FD1900E75B1E /* style.html */; };
		5271C88E2A40FD1900E75B1E /* data.json in Resources */ = {isa = PBXBuildFile; fileRef = 5271C88C2A40FD1900E75B1E /* data.json */; };
		5271C8902A499D2C00E75B1E /* Models.swift in Sources */ = {isa = PBXBuildFile; fileRef = 5271C88F2A499D2C00E75B1E /* Models.swift */; };
		5271C8922A49C23500E75B1E /* HomeViewRow.swift in Sources */ = {isa = PBXBuildFile; fileRef = 5271C8912A49C23500E75B1E /* HomeViewRow.swift */; };
		5271C8962A49CF1700E75B1E /* ContentView.swift in Sources */ = {isa = PBXBuildFile; fileRef = 5271C8952A49CF1700E75B1E /* ContentView.swift */; };
		52904EF42A51EF8900276E5B /* Constants.swift in Sources */ = {isa = PBXBuildFile; fileRef = 52904EF32A51EF8900276E5B /* Constants.swift */; };
		529F964C2A52F70500C7F19E /* RectangleCard.swift in Sources */ = {isa = PBXBuildFile; fileRef = 529F964B2A52F70500C7F19E /* RectangleCard.swift */; };
/* End PBXBuildFile section */

/* Begin PBXFileReference section */
		5244ED472A755EB200884B5D /* CodeTextView.swift */ = {isa = PBXFileReference; lastKnownFileType = sourcecode.swift; path = CodeTextView.swift; sourceTree = "<group>"; };
		5244ED652A77C57A00884B5D /* TestView.swift */ = {isa = PBXFileReference; lastKnownFileType = sourcecode.swift; path = TestView.swift; sourceTree = "<group>"; };
		5244ED672A790C8000884B5D /* TestResultView.swift */ = {isa = PBXFileReference; lastKnownFileType = sourcecode.swift; path = TestResultView.swift; sourceTree = "<group>"; };
		524982772A4CE5BA001AC9D2 /* ContentViewRow.swift */ = {isa = PBXFileReference; lastKnownFileType = sourcecode.swift; path = ContentViewRow.swift; sourceTree = "<group>"; };
		524982792A4E3342001AC9D2 /* ContentDetailView.swift */ = {isa = PBXFileReference; lastKnownFileType = sourcecode.swift; path = ContentDetailView.swift; sourceTree = "<group>"; };
		5249827C2A4E39F8001AC9D2 /* AVKit.framework */ = {isa = PBXFileReference; lastKnownFileType = wrapper.framework; name = AVKit.framework; path = System/Library/Frameworks/AVKit.framework; sourceTree = SDKROOT; };
		5271C8732A40F2E300E75B1E /* Learning App.app */ = {isa = PBXFileReference; explicitFileType = wrapper.application; includeInIndex = 0; path = "Learning App.app"; sourceTree = BUILT_PRODUCTS_DIR; };
		5271C8762A40F2E300E75B1E /* Learning_App.swift */ = {isa = PBXFileReference; lastKnownFileType = sourcecode.swift; path = Learning_App.swift; sourceTree = "<group>"; };
		5271C8782A40F2E300E75B1E /* HomeView.swift */ = {isa = PBXFileReference; lastKnownFileType = sourcecode.swift; path = HomeView.swift; sourceTree = "<group>"; };
		5271C87A2A40F2E400E75B1E /* Assets.xcassets */ = {isa = PBXFileReference; lastKnownFileType = folder.assetcatalog; path = Assets.xcassets; sourceTree = "<group>"; };
		5271C87D2A40F2E400E75B1E /* Preview Assets.xcassets */ = {isa = PBXFileReference; lastKnownFileType = folder.assetcatalog; path = "Preview Assets.xcassets"; sourceTree = "<group>"; };
		5271C8892A40F63D00E75B1E /* ContentModel.swift */ = {isa = PBXFileReference; lastKnownFileType = sourcecode.swift; path = ContentModel.swift; sourceTree = "<group>"; };
		5271C88B2A40FD1900E75B1E /* style.html */ = {isa = PBXFileReference; fileEncoding = 4; lastKnownFileType = text.html; path = style.html; sourceTree = "<group>"; };
		5271C88C2A40FD1900E75B1E /* data.json */ = {isa = PBXFileReference; fileEncoding = 4; lastKnownFileType = text.json; path = data.json; sourceTree = "<group>"; };
		5271C88F2A499D2C00E75B1E /* Models.swift */ = {isa = PBXFileReference; lastKnownFileType = sourcecode.swift; path = Models.swift; sourceTree = "<group>"; };
		5271C8912A49C23500E75B1E /* HomeViewRow.swift */ = {isa = PBXFileReference; lastKnownFileType = sourcecode.swift; path = HomeViewRow.swift; sourceTree = "<group>"; };
		5271C8952A49CF1700E75B1E /* ContentView.swift */ = {isa = PBXFileReference; lastKnownFileType = sourcecode.swift; path = ContentView.swift; sourceTree = "<group>"; };
		52904EF32A51EF8900276E5B /* Constants.swift */ = {isa = PBXFileReference; lastKnownFileType = sourcecode.swift; path = Constants.swift; sourceTree = "<group>"; };
		529F964B2A52F70500C7F19E /* RectangleCard.swift */ = {isa = PBXFileReference; lastKnownFileType = sourcecode.swift; path = RectangleCard.swift; sourceTree = "<group>"; };
/* End PBXFileReference section */

/* Begin PBXFrameworksBuildPhase section */
		5271C8702A40F2E300E75B1E /* Frameworks */ = {
			isa = PBXFrameworksBuildPhase;
			buildActionMask = 2147483647;
			files = (
				5249827D2A4E39F8001AC9D2 /* AVKit.framework in Frameworks */,
			);
			runOnlyForDeploymentPostprocessing = 0;
		};
/* End PBXFrameworksBuildPhase section */

/* Begin PBXGroup section */
		5249827B2A4E39F8001AC9D2 /* Frameworks */ = {
			isa = PBXGroup;
			children = (
				5249827C2A4E39F8001AC9D2 /* AVKit.framework */,
			);
			name = Frameworks;
			sourceTree = "<group>";
		};
		5271C86A2A40F2E300E75B1E = {
			isa = PBXGroup;
			children = (
				5271C8752A40F2E300E75B1E /* Learning App */,
				5271C8742A40F2E300E75B1E /* Products */,
				5249827B2A4E39F8001AC9D2 /* Frameworks */,
			);
			sourceTree = "<group>";
		};
		5271C8742A40F2E300E75B1E /* Products */ = {
			isa = PBXGroup;
			children = (
				5271C8732A40F2E300E75B1E /* Learning App.app */,
			);
			name = Products;
			sourceTree = "<group>";
		};
		5271C8752A40F2E300E75B1E /* Learning App */ = {
			isa = PBXGroup;
			children = (
				5271C8762A40F2E300E75B1E /* Learning_App.swift */,
				5271C8862A40F53C00E75B1E /* Models */,
				5271C8852A40F52B00E75B1E /* Views */,
				5271C8842A40F52300E75B1E /* ViewModels */,
				5271C8872A40F54600E75B1E /* Resources */,
				5271C8882A40F55100E75B1E /* Helpers */,
				5271C87A2A40F2E400E75B1E /* Assets.xcassets */,
				5271C87C2A40F2E400E75B1E /* Preview Content */,
			);
			path = "Learning App";
			sourceTree = "<group>";
		};
		5271C87C2A40F2E400E75B1E /* Preview Content */ = {
			isa = PBXGroup;
			children = (
				5271C87D2A40F2E400E75B1E /* Preview Assets.xcassets */,
			);
			path = "Preview Content";
			sourceTree = "<group>";
		};
		5271C8842A40F52300E75B1E /* ViewModels */ = {
			isa = PBXGroup;
			children = (
				5271C8892A40F63D00E75B1E /* ContentModel.swift */,
			);
			path = ViewModels;
			sourceTree = "<group>";
		};
		5271C8852A40F52B00E75B1E /* Views */ = {
			isa = PBXGroup;
			children = (
				5271C8782A40F2E300E75B1E /* HomeView.swift */,
				5271C8912A49C23500E75B1E /* HomeViewRow.swift */,
				5271C8952A49CF1700E75B1E /* ContentView.swift */,
				524982772A4CE5BA001AC9D2 /* ContentViewRow.swift */,
				524982792A4E3342001AC9D2 /* ContentDetailView.swift */,
				5244ED652A77C57A00884B5D /* TestView.swift */,
				5244ED672A790C8000884B5D /* TestResultView.swift */,
				5244ED472A755EB200884B5D /* CodeTextView.swift */,
				529F964B2A52F70500C7F19E /* RectangleCard.swift */,
			);
			path = Views;
			sourceTree = "<group>";
		};
		5271C8862A40F53C00E75B1E /* Models */ = {
			isa = PBXGroup;
			children = (
				5271C88F2A499D2C00E75B1E /* Models.swift */,
			);
			path = Models;
			sourceTree = "<group>";
		};
		5271C8872A40F54600E75B1E /* Resources */ = {
			isa = PBXGroup;
			children = (
				5271C88C2A40FD1900E75B1E /* data.json */,
				5271C88B2A40FD1900E75B1E /* style.html */,
				52904EF32A51EF8900276E5B /* Constants.swift */,
			);
			path = Resources;
			sourceTree = "<group>";
		};
		5271C8882A40F55100E75B1E /* Helpers */ = {
			isa = PBXGroup;
			children = (
			);
			path = Helpers;
			sourceTree = "<group>";
		};
/* End PBXGroup section */

/* Begin PBXNativeTarget section */
		5271C8722A40F2E300E75B1E /* Learning App */ = {
			isa = PBXNativeTarget;
			buildConfigurationList = 5271C8812A40F2E400E75B1E /* Build configuration list for PBXNativeTarget "Learning App" */;
			buildPhases = (
				5271C86F2A40F2E300E75B1E /* Sources */,
				5271C8702A40F2E300E75B1E /* Frameworks */,
				5271C8712A40F2E300E75B1E /* Resources */,
			);
			buildRules = (
			);
			dependencies = (
			);
			name = "Learning App";
			productName = "Learning App";
			productReference = 5271C8732A40F2E300E75B1E /* Learning App.app */;
			productType = "com.apple.product-type.application";
		};
/* End PBXNativeTarget section */

/* Begin PBXProject section */
		5271C86B2A40F2E300E75B1E /* Project object */ = {
			isa = PBXProject;
			attributes = {
				BuildIndependentTargetsInParallel = 1;
				LastSwiftUpdateCheck = 1430;
				LastUpgradeCheck = 1430;
				TargetAttributes = {
					5271C8722A40F2E300E75B1E = {
						CreatedOnToolsVersion = 14.3.1;
					};
				};
			};
			buildConfigurationList = 5271C86E2A40F2E300E75B1E /* Build configuration list for PBXProject "Learning App" */;
			compatibilityVersion = "Xcode 14.0";
			developmentRegion = en;
			hasScannedForEncodings = 0;
			knownRegions = (
				en,
				Base,
			);
			mainGroup = 5271C86A2A40F2E300E75B1E;
			productRefGroup = 5271C8742A40F2E300E75B1E /* Products */;
			projectDirPath = "";
			projectRoot = "";
			targets = (
				5271C8722A40F2E300E75B1E /* Learning App */,
			);
		};
/* End PBXProject section */

/* Begin PBXResourcesBuildPhase section */
		5271C8712A40F2E300E75B1E /* Resources */ = {
			isa = PBXResourcesBuildPhase;
			buildActionMask = 2147483647;
			files = (
				5271C88D2A40FD1900E75B1E /* style.html in Resources */,
				5271C87E2A40F2E400E75B1E /* Preview Assets.xcassets in Resources */,
				5271C87B2A40F2E400E75B1E /* Assets.xcassets in Resources */,
				5271C88E2A40FD1900E75B1E /* data.json in Resources */,
			);
			runOnlyForDeploymentPostprocessing = 0;
		};
/* End PBXResourcesBuildPhase section */

/* Begin PBXSourcesBuildPhase section */
		5271C86F2A40F2E300E75B1E /* Sources */ = {
			isa = PBXSourcesBuildPhase;
			buildActionMask = 2147483647;
			files = (
				5271C8792A40F2E300E75B1E /* HomeView.swift in Sources */,
				5244ED682A790C8100884B5D /* TestResultView.swift in Sources */,
				5271C8922A49C23500E75B1E /* HomeViewRow.swift in Sources */,
				5271C8962A49CF1700E75B1E /* ContentView.swift in Sources */,
				5249827A2A4E3342001AC9D2 /* ContentDetailView.swift in Sources */,
				5271C8772A40F2E300E75B1E /* Learning_App.swift in Sources */,
				524982782A4CE5BA001AC9D2 /* ContentViewRow.swift in Sources */,
				5271C88A2A40F63D00E75B1E /* ContentModel.swift in Sources */,
				5271C8902A499D2C00E75B1E /* Models.swift in Sources */,
				529F964C2A52F70500C7F19E /* RectangleCard.swift in Sources */,
				5244ED662A77C57A00884B5D /* TestView.swift in Sources */,
				52904EF42A51EF8900276E5B /* Constants.swift in Sources */,
				5244ED482A755EB200884B5D /* CodeTextView.swift in Sources */,
			);
			runOnlyForDeploymentPostprocessing = 0;
		};
/* End PBXSourcesBuildPhase section */

/* Begin XCBuildConfiguration section */
		5271C87F2A40F2E400E75B1E /* Debug */ = {
			isa = XCBuildConfiguration;
			buildSettings = {
				ALWAYS_SEARCH_USER_PATHS = NO;
				CLANG_ANALYZER_NONNULL = YES;
				CLANG_ANALYZER_NUMBER_OBJECT_CONVERSION = YES_AGGRESSIVE;
				CLANG_CXX_LANGUAGE_STANDARD = "gnu++20";
				CLANG_ENABLE_MODULES = YES;
				CLANG_ENABLE_OBJC_ARC = YES;
				CLANG_ENABLE_OBJC_WEAK = YES;
				CLANG_WARN_BLOCK_CAPTURE_AUTORELEASING = YES;
				CLANG_WARN_BOOL_CONVERSION = YES;
				CLANG_WARN_COMMA = YES;
				CLANG_WARN_CONSTANT_CONVERSION = YES;
				CLANG_WARN_DEPRECATED_OBJC_IMPLEMENTATIONS = YES;
				CLANG_WARN_DIRECT_OBJC_ISA_USAGE = YES_ERROR;
				CLANG_WARN_DOCUMENTATION_COMMENTS = YES;
				CLANG_WARN_EMPTY_BODY = YES;
				CLANG_WARN_ENUM_CONVERSION = YES;
				CLANG_WARN_INFINITE_RECURSION = YES;
				CLANG_WARN_INT_CONVERSION = YES;
				CLANG_WARN_NON_LITERAL_NULL_CONVERSION = YES;
				CLANG_WARN_OBJC_IMPLICIT_RETAIN_SELF = YES;
				CLANG_WARN_OBJC_LITERAL_CONVERSION = YES;
				CLANG_WARN_OBJC_ROOT_CLASS = YES_ERROR;
				CLANG_WARN_QUOTED_INCLUDE_IN_FRAMEWORK_HEADER = YES;
				CLANG_WARN_RANGE_LOOP_ANALYSIS = YES;
				CLANG_WARN_STRICT_PROTOTYPES = YES;
				CLANG_WARN_SUSPICIOUS_MOVE = YES;
				CLANG_WARN_UNGUARDED_AVAILABILITY = YES_AGGRESSIVE;
				CLANG_WARN_UNREACHABLE_CODE = YES;
				CLANG_WARN__DUPLICATE_METHOD_MATCH = YES;
				COPY_PHASE_STRIP = NO;
				DEBUG_INFORMATION_FORMAT = dwarf;
				ENABLE_STRICT_OBJC_MSGSEND = YES;
				ENABLE_TESTABILITY = YES;
				GCC_C_LANGUAGE_STANDARD = gnu11;
				GCC_DYNAMIC_NO_PIC = NO;
				GCC_NO_COMMON_BLOCKS = YES;
				GCC_OPTIMIZATION_LEVEL = 0;
				GCC_PREPROCESSOR_DEFINITIONS = (
					"DEBUG=1",
					"$(inherited)",
				);
				GCC_WARN_64_TO_32_BIT_CONVERSION = YES;
				GCC_WARN_ABOUT_RETURN_TYPE = YES_ERROR;
				GCC_WARN_UNDECLARED_SELECTOR = YES;
				GCC_WARN_UNINITIALIZED_AUTOS = YES_AGGRESSIVE;
				GCC_WARN_UNUSED_FUNCTION = YES;
				GCC_WARN_UNUSED_VARIABLE = YES;
				IPHONEOS_DEPLOYMENT_TARGET = 16.4;
				MTL_ENABLE_DEBUG_INFO = INCLUDE_SOURCE;
				MTL_FAST_MATH = YES;
				ONLY_ACTIVE_ARCH = YES;
				SDKROOT = iphoneos;
				SWIFT_ACTIVE_COMPILATION_CONDITIONS = DEBUG;
				SWIFT_OPTIMIZATION_LEVEL = "-Onone";
			};
			name = Debug;
		};
		5271C8802A40F2E400E75B1E /* Release */ = {
			isa = XCBuildConfiguration;
			buildSettings = {
				ALWAYS_SEARCH_USER_PATHS = NO;
				CLANG_ANALYZER_NONNULL = YES;
				CLANG_ANALYZER_NUMBER_OBJECT_CONVERSION = YES_AGGRESSIVE;
				CLANG_CXX_LANGUAGE_STANDARD = "gnu++20";
				CLANG_ENABLE_MODULES = YES;
				CLANG_ENABLE_OBJC_ARC = YES;
				CLANG_ENABLE_OBJC_WEAK = YES;
				CLANG_WARN_BLOCK_CAPTURE_AUTORELEASING = YES;
				CLANG_WARN_BOOL_CONVERSION = YES;
				CLANG_WARN_COMMA = YES;
				CLANG_WARN_CONSTANT_CONVERSION = YES;
				CLANG_WARN_DEPRECATED_OBJC_IMPLEMENTATIONS = YES;
				CLANG_WARN_DIRECT_OBJC_ISA_USAGE = YES_ERROR;
				CLANG_WARN_DOCUMENTATION_COMMENTS = YES;
				CLANG_WARN_EMPTY_BODY = YES;
				CLANG_WARN_ENUM_CONVERSION = YES;
				CLANG_WARN_INFINITE_RECURSION = YES;
				CLANG_WARN_INT_CONVERSION = YES;
				CLANG_WARN_NON_LITERAL_NULL_CONVERSION = YES;
				CLANG_WARN_OBJC_IMPLICIT_RETAIN_SELF = YES;
				CLANG_WARN_OBJC_LITERAL_CONVERSION = YES;
				CLANG_WARN_OBJC_ROOT_CLASS = YES_ERROR;
				CLANG_WARN_QUOTED_INCLUDE_IN_FRAMEWORK_HEADER = YES;
				CLANG_WARN_RANGE_LOOP_ANALYSIS = YES;
				CLANG_WARN_STRICT_PROTOTYPES = YES;
				CLANG_WARN_SUSPICIOUS_MOVE = YES;
				CLANG_WARN_UNGUARDED_AVAILABILITY = YES_AGGRESSIVE;
				CLANG_WARN_UNREACHABLE_CODE = YES;
				CLANG_WARN__DUPLICATE_METHOD_MATCH = YES;
				COPY_PHASE_STRIP = NO;
				DEBUG_INFORMATION_FORMAT = "dwarf-with-dsym";
				ENABLE_NS_ASSERTIONS = NO;
				ENABLE_STRICT_OBJC_MSGSEND = YES;
				GCC_C_LANGUAGE_STANDARD = gnu11;
				GCC_NO_COMMON_BLOCKS = YES;
				GCC_WARN_64_TO_32_BIT_CONVERSION = YES;
				GCC_WARN_ABOUT_RETURN_TYPE = YES_ERROR;
				GCC_WARN_UNDECLARED_SELECTOR = YES;
				GCC_WARN_UNINITIALIZED_AUTOS = YES_AGGRESSIVE;
				GCC_WARN_UNUSED_FUNCTION = YES;
				GCC_WARN_UNUSED_VARIABLE = YES;
				IPHONEOS_DEPLOYMENT_TARGET = 16.4;
				MTL_ENABLE_DEBUG_INFO = NO;
				MTL_FAST_MATH = YES;
				SDKROOT = iphoneos;
				SWIFT_COMPILATION_MODE = wholemodule;
				SWIFT_OPTIMIZATION_LEVEL = "-O";
				VALIDATE_PRODUCT = YES;
			};
			name = Release;
		};
		5271C8822A40F2E400E75B1E /* Debug */ = {
			isa = XCBuildConfiguration;
			buildSettings = {
				ASSETCATALOG_COMPILER_APPICON_NAME = AppIcon;
				ASSETCATALOG_COMPILER_GLOBAL_ACCENT_COLOR_NAME = AccentColor;
				CODE_SIGN_STYLE = Automatic;
				CURRENT_PROJECT_VERSION = 1;
				DEVELOPMENT_ASSET_PATHS = "\"Learning App/Preview Content\"";
				ENABLE_PREVIEWS = YES;
				GENERATE_INFOPLIST_FILE = YES;
				INFOPLIST_KEY_UIApplicationSceneManifest_Generation = YES;
				INFOPLIST_KEY_UIApplicationSupportsIndirectInputEvents = YES;
				INFOPLIST_KEY_UILaunchScreen_Generation = YES;
				INFOPLIST_KEY_UISupportedInterfaceOrientations_iPad = "UIInterfaceOrientationPortrait UIInterfaceOrientationPortraitUpsideDown UIInterfaceOrientationLandscapeLeft UIInterfaceOrientationLandscapeRight";
				INFOPLIST_KEY_UISupportedInterfaceOrientations_iPhone = "UIInterfaceOrientationPortrait UIInterfaceOrientationLandscapeLeft UIInterfaceOrientationLandscapeRight";
				IPHONEOS_DEPLOYMENT_TARGET = 15.0;
				LD_RUNPATH_SEARCH_PATHS = (
					"$(inherited)",
					"@executable_path/Frameworks",
				);
				MARKETING_VERSION = 1.0;
				PRODUCT_BUNDLE_IDENTIFIER = "siddronio.com.Learning-App";
				PRODUCT_NAME = "$(TARGET_NAME)";
				SWIFT_EMIT_LOC_STRINGS = YES;
				SWIFT_VERSION = 5.0;
				TARGETED_DEVICE_FAMILY = "1,2";
			};
			name = Debug;
		};
		5271C8832A40F2E400E75B1E /* Release */ = {
			isa = XCBuildConfiguration;
			buildSettings = {
				ASSETCATALOG_COMPILER_APPICON_NAME = AppIcon;
				ASSETCATALOG_COMPILER_GLOBAL_ACCENT_COLOR_NAME = AccentColor;
				CODE_SIGN_STYLE = Automatic;
				CURRENT_PROJECT_VERSION = 1;
				DEVELOPMENT_ASSET_PATHS = "\"Learning App/Preview Content\"";
				ENABLE_PREVIEWS = YES;
				GENERATE_INFOPLIST_FILE = YES;
				INFOPLIST_KEY_UIApplicationSceneManifest_Generation = YES;
				INFOPLIST_KEY_UIApplicationSupportsIndirectInputEvents = YES;
				INFOPLIST_KEY_UILaunchScreen_Generation = YES;
				INFOPLIST_KEY_UISupportedInterfaceOrientations_iPad = "UIInterfaceOrientationPortrait UIInterfaceOrientationPortraitUpsideDown UIInterfaceOrientationLandscapeLeft UIInterfaceOrientationLandscapeRight";
				INFOPLIST_KEY_UISupportedInterfaceOrientations_iPhone = "UIInterfaceOrientationPortrait UIInterfaceOrientationLandscapeLeft UIInterfaceOrientationLandscapeRight";
				IPHONEOS_DEPLOYMENT_TARGET = 15.0;
				LD_RUNPATH_SEARCH_PATHS = (
					"$(inherited)",
					"@executable_path/Frameworks",
				);
				MARKETING_VERSION = 1.0;
				PRODUCT_BUNDLE_IDENTIFIER = "siddronio.com.Learning-App";
				PRODUCT_NAME = "$(TARGET_NAME)";
				SWIFT_EMIT_LOC_STRINGS = YES;
				SWIFT_VERSION = 5.0;
				TARGETED_DEVICE_FAMILY = "1,2";
			};
			name = Release;
		};
/* End XCBuildConfiguration section */

/* Begin XCConfigurationList section */
		5271C86E2A40F2E300E75B1E /* Build configuration list for PBXProject "Learning App" */ = {
			isa = XCConfigurationList;
			buildConfigurations = (
				5271C87F2A40F2E400E75B1E /* Debug */,
				5271C8802A40F2E400E75B1E /* Release */,
			);
			defaultConfigurationIsVisible = 0;
			defaultConfigurationName = Release;
		};
		5271C8812A40F2E400E75B1E /* Build configuration list for PBXNativeTarget "Learning App" */ = {
			isa = XCConfigurationList;
			buildConfigurations = (
				5271C8822A40F2E400E75B1E /* Debug */,
				5271C8832A40F2E400E75B1E /* Release */,
			);
			defaultConfigurationIsVisible = 0;
			defaultConfigurationName = Release;
		};
/* End XCConfigurationList section */
	};
	rootObject = 5271C86B2A40F2E300E75B1E /* Project object */;
}
